// !$*UTF8*$!
{
	archiveVersion = 1;
	classes = {
	};
	objectVersion = 50;
	objects = {

/* Begin PBXBuildFile section */
		2DABACC82492606900F09836 /* ImageCell.swift in Sources */ = {isa = PBXBuildFile; fileRef = 2DABACC72492606900F09836 /* ImageCell.swift */; };
		88386191248F1D21002B8832 /* HomeVC.swift in Sources */ = {isa = PBXBuildFile; fileRef = 88386190248F1D21002B8832 /* HomeVC.swift */; };
		88386195248F200B002B8832 /* Song.swift in Sources */ = {isa = PBXBuildFile; fileRef = 88386194248F200B002B8832 /* Song.swift */; };
		88386197248F2112002B8832 /* SongDetailVC.swift in Sources */ = {isa = PBXBuildFile; fileRef = 88386196248F2112002B8832 /* SongDetailVC.swift */; };
		8899138624965CE200DC6E6F /* Dance.storyboard in Resources */ = {isa = PBXBuildFile; fileRef = 8899138524965CE200DC6E6F /* Dance.storyboard */; };
		8899138824965D7100DC6E6F /* DanceVC.swift in Sources */ = {isa = PBXBuildFile; fileRef = 8899138724965D7100DC6E6F /* DanceVC.swift */; };
		8899138A24965DAE00DC6E6F /* art.scnassets in Resources */ = {isa = PBXBuildFile; fileRef = 8899138924965DAE00DC6E6F /* art.scnassets */; };
		88BAF0F1248A463E009D2320 /* AppDelegate.swift in Sources */ = {isa = PBXBuildFile; fileRef = 88BAF0F0248A463E009D2320 /* AppDelegate.swift */; };
		88BAF0F3248A463E009D2320 /* SceneDelegate.swift in Sources */ = {isa = PBXBuildFile; fileRef = 88BAF0F2248A463E009D2320 /* SceneDelegate.swift */; };
		88BAF0F5248A463E009D2320 /* OnboardVC.swift in Sources */ = {isa = PBXBuildFile; fileRef = 88BAF0F4248A463E009D2320 /* OnboardVC.swift */; };
		88BAF0F8248A463E009D2320 /* Main.storyboard in Resources */ = {isa = PBXBuildFile; fileRef = 88BAF0F6248A463E009D2320 /* Main.storyboard */; };
		88BAF0FA248A463F009D2320 /* Assets.xcassets in Resources */ = {isa = PBXBuildFile; fileRef = 88BAF0F9248A463F009D2320 /* Assets.xcassets */; };
		88BAF0FD248A463F009D2320 /* LaunchScreen.storyboard in Resources */ = {isa = PBXBuildFile; fileRef = 88BAF0FB248A463F009D2320 /* LaunchScreen.storyboard */; };
		88E5897E248F3912001CE784 /* Home.storyboard in Resources */ = {isa = PBXBuildFile; fileRef = 88E5897D248F3912001CE784 /* Home.storyboard */; };
		88E58983248F3972001CE784 /* SongDetail.storyboard in Resources */ = {isa = PBXBuildFile; fileRef = 88E58982248F3972001CE784 /* SongDetail.storyboard */; };
/* End PBXBuildFile section */

/* Begin PBXFileReference section */
		2DABACC72492606900F09836 /* ImageCell.swift */ = {isa = PBXFileReference; lastKnownFileType = sourcecode.swift; path = ImageCell.swift; sourceTree = "<group>"; };
		88386190248F1D21002B8832 /* HomeVC.swift */ = {isa = PBXFileReference; lastKnownFileType = sourcecode.swift; path = HomeVC.swift; sourceTree = "<group>"; };
		88386194248F200B002B8832 /* Song.swift */ = {isa = PBXFileReference; lastKnownFileType = sourcecode.swift; path = Song.swift; sourceTree = "<group>"; };
		88386196248F2112002B8832 /* SongDetailVC.swift */ = {isa = PBXFileReference; lastKnownFileType = sourcecode.swift; path = SongDetailVC.swift; sourceTree = "<group>"; };
		8899138524965CE200DC6E6F /* Dance.storyboard */ = {isa = PBXFileReference; lastKnownFileType = file.storyboard; path = Dance.storyboard; sourceTree = "<group>"; };
		8899138724965D7100DC6E6F /* DanceVC.swift */ = {isa = PBXFileReference; fileEncoding = 4; lastKnownFileType = sourcecode.swift; path = DanceVC.swift; sourceTree = "<group>"; };
		8899138924965DAE00DC6E6F /* art.scnassets */ = {isa = PBXFileReference; lastKnownFileType = wrapper.scnassets; path = art.scnassets; sourceTree = "<group>"; };
		88BAF0ED248A463E009D2320 /* Beat It.app */ = {isa = PBXFileReference; explicitFileType = wrapper.application; includeInIndex = 0; path = "Beat It.app"; sourceTree = BUILT_PRODUCTS_DIR; };
		88BAF0F0248A463E009D2320 /* AppDelegate.swift */ = {isa = PBXFileReference; lastKnownFileType = sourcecode.swift; path = AppDelegate.swift; sourceTree = "<group>"; };
		88BAF0F2248A463E009D2320 /* SceneDelegate.swift */ = {isa = PBXFileReference; lastKnownFileType = sourcecode.swift; path = SceneDelegate.swift; sourceTree = "<group>"; };
		88BAF0F4248A463E009D2320 /* OnboardVC.swift */ = {isa = PBXFileReference; lastKnownFileType = sourcecode.swift; path = OnboardVC.swift; sourceTree = "<group>"; };
		88BAF0F7248A463E009D2320 /* Base */ = {isa = PBXFileReference; lastKnownFileType = file.storyboard; name = Base; path = Base.lproj/Main.storyboard; sourceTree = "<group>"; };
		88BAF0F9248A463F009D2320 /* Assets.xcassets */ = {isa = PBXFileReference; lastKnownFileType = folder.assetcatalog; path = Assets.xcassets; sourceTree = "<group>"; };
		88BAF0FC248A463F009D2320 /* Base */ = {isa = PBXFileReference; lastKnownFileType = file.storyboard; name = Base; path = Base.lproj/LaunchScreen.storyboard; sourceTree = "<group>"; };
		88BAF0FE248A463F009D2320 /* Info.plist */ = {isa = PBXFileReference; lastKnownFileType = text.plist.xml; path = Info.plist; sourceTree = "<group>"; };
		88E5897D248F3912001CE784 /* Home.storyboard */ = {isa = PBXFileReference; fileEncoding = 4; lastKnownFileType = file.storyboard; path = Home.storyboard; sourceTree = "<group>"; };
		88E58982248F3972001CE784 /* SongDetail.storyboard */ = {isa = PBXFileReference; fileEncoding = 4; lastKnownFileType = file.storyboard; name = SongDetail.storyboard; path = DanceApp/View/SongDetail.storyboard; sourceTree = SOURCE_ROOT; };
/* End PBXFileReference section */

/* Begin PBXFrameworksBuildPhase section */
		88BAF0EA248A463E009D2320 /* Frameworks */ = {
			isa = PBXFrameworksBuildPhase;
			buildActionMask = 2147483647;
			files = (
			);
			runOnlyForDeploymentPostprocessing = 0;
		};
/* End PBXFrameworksBuildPhase section */

/* Begin PBXGroup section */
		8838618D248F1CA1002B8832 /* View */ = {
			isa = PBXGroup;
			children = (
				8899138424965CBC00DC6E6F /* Cell */,
				88E58982248F3972001CE784 /* SongDetail.storyboard */,
				88E5897D248F3912001CE784 /* Home.storyboard */,
				88BAF0F6248A463E009D2320 /* Main.storyboard */,
				8899138524965CE200DC6E6F /* Dance.storyboard */,
			);
			path = View;
			sourceTree = "<group>";
		};
		8838618E248F1CAD002B8832 /* Controller */ = {
			isa = PBXGroup;
			children = (
				88386190248F1D21002B8832 /* HomeVC.swift */,
				8899138724965D7100DC6E6F /* DanceVC.swift */,
				88BAF0F4248A463E009D2320 /* OnboardVC.swift */,
				88386196248F2112002B8832 /* SongDetailVC.swift */,
			);
			path = Controller;
			sourceTree = "<group>";
		};
		8838618F248F1CB4002B8832 /* Model */ = {
			isa = PBXGroup;
			children = (
				88386194248F200B002B8832 /* Song.swift */,
			);
			path = Model;
			sourceTree = "<group>";
		};
		8899138424965CBC00DC6E6F /* Cell */ = {
			isa = PBXGroup;
			children = (
				2DABACC72492606900F09836 /* ImageCell.swift */,
			);
			path = Cell;
			sourceTree = "<group>";
		};
		88BAF0E4248A463E009D2320 = {
			isa = PBXGroup;
			children = (
				88BAF0EF248A463E009D2320 /* DanceApp */,
				88BAF0EE248A463E009D2320 /* Products */,
			);
			sourceTree = "<group>";
		};
		88BAF0EE248A463E009D2320 /* Products */ = {
			isa = PBXGroup;
			children = (
				88BAF0ED248A463E009D2320 /* Beat It.app */,
			);
			name = Products;
			sourceTree = "<group>";
		};
		88BAF0EF248A463E009D2320 /* DanceApp */ = {
			isa = PBXGroup;
			children = (
				8899138924965DAE00DC6E6F /* art.scnassets */,
				8838618F248F1CB4002B8832 /* Model */,
				8838618E248F1CAD002B8832 /* Controller */,
				8838618D248F1CA1002B8832 /* View */,
				88BAF0F0248A463E009D2320 /* AppDelegate.swift */,
				88BAF0F2248A463E009D2320 /* SceneDelegate.swift */,
				88BAF0F9248A463F009D2320 /* Assets.xcassets */,
				88BAF0FB248A463F009D2320 /* LaunchScreen.storyboard */,
				88BAF0FE248A463F009D2320 /* Info.plist */,
			);
			path = DanceApp;
			sourceTree = "<group>";
		};
/* End PBXGroup section */

/* Begin PBXNativeTarget section */
		88BAF0EC248A463E009D2320 /* DanceApp */ = {
			isa = PBXNativeTarget;
			buildConfigurationList = 88BAF101248A463F009D2320 /* Build configuration list for PBXNativeTarget "DanceApp" */;
			buildPhases = (
				88BAF0E9248A463E009D2320 /* Sources */,
				88BAF0EA248A463E009D2320 /* Frameworks */,
				88BAF0EB248A463E009D2320 /* Resources */,
			);
			buildRules = (
			);
			dependencies = (
			);
			name = DanceApp;
			productName = DanceApp;
			productReference = 88BAF0ED248A463E009D2320 /* Beat It.app */;
			productType = "com.apple.product-type.application";
		};
/* End PBXNativeTarget section */

/* Begin PBXProject section */
		88BAF0E5248A463E009D2320 /* Project object */ = {
			isa = PBXProject;
			attributes = {
				LastSwiftUpdateCheck = 1150;
				LastUpgradeCheck = 1150;
				ORGANIZATIONNAME = "Apple Developer Academy";
				TargetAttributes = {
					88BAF0EC248A463E009D2320 = {
						CreatedOnToolsVersion = 11.5;
					};
				};
			};
			buildConfigurationList = 88BAF0E8248A463E009D2320 /* Build configuration list for PBXProject "DanceApp" */;
			compatibilityVersion = "Xcode 9.3";
			developmentRegion = en;
			hasScannedForEncodings = 0;
			knownRegions = (
				en,
				Base,
			);
			mainGroup = 88BAF0E4248A463E009D2320;
			productRefGroup = 88BAF0EE248A463E009D2320 /* Products */;
			projectDirPath = "";
			projectRoot = "";
			targets = (
				88BAF0EC248A463E009D2320 /* DanceApp */,
			);
		};
/* End PBXProject section */

/* Begin PBXResourcesBuildPhase section */
		88BAF0EB248A463E009D2320 /* Resources */ = {
			isa = PBXResourcesBuildPhase;
			buildActionMask = 2147483647;
			files = (
				88BAF0FD248A463F009D2320 /* LaunchScreen.storyboard in Resources */,
				88BAF0FA248A463F009D2320 /* Assets.xcassets in Resources */,
				8899138624965CE200DC6E6F /* Dance.storyboard in Resources */,
				8899138A24965DAE00DC6E6F /* art.scnassets in Resources */,
				88BAF0F8248A463E009D2320 /* Main.storyboard in Resources */,
				88E5897E248F3912001CE784 /* Home.storyboard in Resources */,
				88E58983248F3972001CE784 /* SongDetail.storyboard in Resources */,
			);
			runOnlyForDeploymentPostprocessing = 0;
		};
/* End PBXResourcesBuildPhase section */

/* Begin PBXSourcesBuildPhase section */
		88BAF0E9248A463E009D2320 /* Sources */ = {
			isa = PBXSourcesBuildPhase;
			buildActionMask = 2147483647;
			files = (
				88386195248F200B002B8832 /* Song.swift in Sources */,
				88BAF0F5248A463E009D2320 /* OnboardVC.swift in Sources */,
				88386191248F1D21002B8832 /* HomeVC.swift in Sources */,
				88386197248F2112002B8832 /* SongDetailVC.swift in Sources */,
				2DABACC82492606900F09836 /* ImageCell.swift in Sources */,
				88BAF0F1248A463E009D2320 /* AppDelegate.swift in Sources */,
				8899138824965D7100DC6E6F /* DanceVC.swift in Sources */,
				88BAF0F3248A463E009D2320 /* SceneDelegate.swift in Sources */,
			);
			runOnlyForDeploymentPostprocessing = 0;
		};
/* End PBXSourcesBuildPhase section */

/* Begin PBXVariantGroup section */
		88BAF0F6248A463E009D2320 /* Main.storyboard */ = {
			isa = PBXVariantGroup;
			children = (
				88BAF0F7248A463E009D2320 /* Base */,
			);
			name = Main.storyboard;
			sourceTree = "<group>";
		};
		88BAF0FB248A463F009D2320 /* LaunchScreen.storyboard */ = {
			isa = PBXVariantGroup;
			children = (
				88BAF0FC248A463F009D2320 /* Base */,
			);
			name = LaunchScreen.storyboard;
			sourceTree = "<group>";
		};
/* End PBXVariantGroup section */

/* Begin XCBuildConfiguration section */
		88BAF0FF248A463F009D2320 /* Debug */ = {
			isa = XCBuildConfiguration;
			buildSettings = {
				ALWAYS_SEARCH_USER_PATHS = NO;
				CLANG_ANALYZER_NONNULL = YES;
				CLANG_ANALYZER_NUMBER_OBJECT_CONVERSION = YES_AGGRESSIVE;
				CLANG_CXX_LANGUAGE_STANDARD = "gnu++14";
				CLANG_CXX_LIBRARY = "libc++";
				CLANG_ENABLE_MODULES = YES;
				CLANG_ENABLE_OBJC_ARC = YES;
				CLANG_ENABLE_OBJC_WEAK = YES;
				CLANG_WARN_BLOCK_CAPTURE_AUTORELEASING = YES;
				CLANG_WARN_BOOL_CONVERSION = YES;
				CLANG_WARN_COMMA = YES;
				CLANG_WARN_CONSTANT_CONVERSION = YES;
				CLANG_WARN_DEPRECATED_OBJC_IMPLEMENTATIONS = YES;
				CLANG_WARN_DIRECT_OBJC_ISA_USAGE = YES_ERROR;
				CLANG_WARN_DOCUMENTATION_COMMENTS = YES;
				CLANG_WARN_EMPTY_BODY = YES;
				CLANG_WARN_ENUM_CONVERSION = YES;
				CLANG_WARN_INFINITE_RECURSION = YES;
				CLANG_WARN_INT_CONVERSION = YES;
				CLANG_WARN_NON_LITERAL_NULL_CONVERSION = YES;
				CLANG_WARN_OBJC_IMPLICIT_RETAIN_SELF = YES;
				CLANG_WARN_OBJC_LITERAL_CONVERSION = YES;
				CLANG_WARN_OBJC_ROOT_CLASS = YES_ERROR;
				CLANG_WARN_RANGE_LOOP_ANALYSIS = YES;
				CLANG_WARN_STRICT_PROTOTYPES = YES;
				CLANG_WARN_SUSPICIOUS_MOVE = YES;
				CLANG_WARN_UNGUARDED_AVAILABILITY = YES_AGGRESSIVE;
				CLANG_WARN_UNREACHABLE_CODE = YES;
				CLANG_WARN__DUPLICATE_METHOD_MATCH = YES;
				COPY_PHASE_STRIP = NO;
				DEBUG_INFORMATION_FORMAT = dwarf;
				ENABLE_STRICT_OBJC_MSGSEND = YES;
				ENABLE_TESTABILITY = YES;
				GCC_C_LANGUAGE_STANDARD = gnu11;
				GCC_DYNAMIC_NO_PIC = NO;
				GCC_NO_COMMON_BLOCKS = YES;
				GCC_OPTIMIZATION_LEVEL = 0;
				GCC_PREPROCESSOR_DEFINITIONS = (
					"DEBUG=1",
					"$(inherited)",
				);
				GCC_WARN_64_TO_32_BIT_CONVERSION = YES;
				GCC_WARN_ABOUT_RETURN_TYPE = YES_ERROR;
				GCC_WARN_UNDECLARED_SELECTOR = YES;
				GCC_WARN_UNINITIALIZED_AUTOS = YES_AGGRESSIVE;
				GCC_WARN_UNUSED_FUNCTION = YES;
				GCC_WARN_UNUSED_VARIABLE = YES;
				IPHONEOS_DEPLOYMENT_TARGET = 13.4;
				MTL_ENABLE_DEBUG_INFO = INCLUDE_SOURCE;
				MTL_FAST_MATH = YES;
				ONLY_ACTIVE_ARCH = YES;
				SDKROOT = iphoneos;
				SWIFT_ACTIVE_COMPILATION_CONDITIONS = DEBUG;
				SWIFT_OPTIMIZATION_LEVEL = "-Onone";
			};
			name = Debug;
		};
		88BAF100248A463F009D2320 /* Release */ = {
			isa = XCBuildConfiguration;
			buildSettings = {
				ALWAYS_SEARCH_USER_PATHS = NO;
				CLANG_ANALYZER_NONNULL = YES;
				CLANG_ANALYZER_NUMBER_OBJECT_CONVERSION = YES_AGGRESSIVE;
				CLANG_CXX_LANGUAGE_STANDARD = "gnu++14";
				CLANG_CXX_LIBRARY = "libc++";
				CLANG_ENABLE_MODULES = YES;
				CLANG_ENABLE_OBJC_ARC = YES;
				CLANG_ENABLE_OBJC_WEAK = YES;
				CLANG_WARN_BLOCK_CAPTURE_AUTORELEASING = YES;
				CLANG_WARN_BOOL_CONVERSION = YES;
				CLANG_WARN_COMMA = YES;
				CLANG_WARN_CONSTANT_CONVERSION = YES;
				CLANG_WARN_DEPRECATED_OBJC_IMPLEMENTATIONS = YES;
				CLANG_WARN_DIRECT_OBJC_ISA_USAGE = YES_ERROR;
				CLANG_WARN_DOCUMENTATION_COMMENTS = YES;
				CLANG_WARN_EMPTY_BODY = YES;
				CLANG_WARN_ENUM_CONVERSION = YES;
				CLANG_WARN_INFINITE_RECURSION = YES;
				CLANG_WARN_INT_CONVERSION = YES;
				CLANG_WARN_NON_LITERAL_NULL_CONVERSION = YES;
				CLANG_WARN_OBJC_IMPLICIT_RETAIN_SELF = YES;
				CLANG_WARN_OBJC_LITERAL_CONVERSION = YES;
				CLANG_WARN_OBJC_ROOT_CLASS = YES_ERROR;
				CLANG_WARN_RANGE_LOOP_ANALYSIS = YES;
				CLANG_WARN_STRICT_PROTOTYPES = YES;
				CLANG_WARN_SUSPICIOUS_MOVE = YES;
				CLANG_WARN_UNGUARDED_AVAILABILITY = YES_AGGRESSIVE;
				CLANG_WARN_UNREACHABLE_CODE = YES;
				CLANG_WARN__DUPLICATE_METHOD_MATCH = YES;
				COPY_PHASE_STRIP = NO;
				DEBUG_INFORMATION_FORMAT = "dwarf-with-dsym";
				ENABLE_NS_ASSERTIONS = NO;
				ENABLE_STRICT_OBJC_MSGSEND = YES;
				GCC_C_LANGUAGE_STANDARD = gnu11;
				GCC_NO_COMMON_BLOCKS = YES;
				GCC_WARN_64_TO_32_BIT_CONVERSION = YES;
				GCC_WARN_ABOUT_RETURN_TYPE = YES_ERROR;
				GCC_WARN_UNDECLARED_SELECTOR = YES;
				GCC_WARN_UNINITIALIZED_AUTOS = YES_AGGRESSIVE;
				GCC_WARN_UNUSED_FUNCTION = YES;
				GCC_WARN_UNUSED_VARIABLE = YES;
				IPHONEOS_DEPLOYMENT_TARGET = 13.4;
				MTL_ENABLE_DEBUG_INFO = NO;
				MTL_FAST_MATH = YES;
				SDKROOT = iphoneos;
				SWIFT_COMPILATION_MODE = wholemodule;
				SWIFT_OPTIMIZATION_LEVEL = "-O";
				VALIDATE_PRODUCT = YES;
			};
			name = Release;
		};
		88BAF102248A463F009D2320 /* Debug */ = {
			isa = XCBuildConfiguration;
			buildSettings = {
				ASSETCATALOG_COMPILER_APPICON_NAME = AppIcon;
				CODE_SIGN_STYLE = Automatic;
				DEVELOPMENT_TEAM = RTU67JB7DC;
				INFOPLIST_FILE = DanceApp/Info.plist;
				LD_RUNPATH_SEARCH_PATHS = (
					"$(inherited)",
					"@executable_path/Frameworks",
				);
				MARKETING_VERSION = 0.1;
				PRODUCT_BUNDLE_IDENTIFIER = com.ada.BeatIt;
				PRODUCT_NAME = "Beat It";
				SWIFT_VERSION = 5.0;
				TARGETED_DEVICE_FAMILY = "1,2";
			};
			name = Debug;
		};
		88BAF103248A463F009D2320 /* Release */ = {
			isa = XCBuildConfiguration;
			buildSettings = {
				ASSETCATALOG_COMPILER_APPICON_NAME = AppIcon;
				CODE_SIGN_STYLE = Automatic;
				DEVELOPMENT_TEAM = RTU67JB7DC;
				INFOPLIST_FILE = DanceApp/Info.plist;
				LD_RUNPATH_SEARCH_PATHS = (
					"$(inherited)",
					"@executable_path/Frameworks",
				);
				MARKETING_VERSION = 0.1;
				PRODUCT_BUNDLE_IDENTIFIER = com.ada.BeatIt;
				PRODUCT_NAME = "Beat It";
				SWIFT_VERSION = 5.0;
				TARGETED_DEVICE_FAMILY = "1,2";
			};
			name = Release;
		};
/* End XCBuildConfiguration section */

/* Begin XCConfigurationList section */
		88BAF0E8248A463E009D2320 /* Build configuration list for PBXProject "DanceApp" */ = {
			isa = XCConfigurationList;
			buildConfigurations = (
				88BAF0FF248A463F009D2320 /* Debug */,
				88BAF100248A463F009D2320 /* Release */,
			);
			defaultConfigurationIsVisible = 0;
			defaultConfigurationName = Release;
		};
		88BAF101248A463F009D2320 /* Build configuration list for PBXNativeTarget "DanceApp" */ = {
			isa = XCConfigurationList;
			buildConfigurations = (
				88BAF102248A463F009D2320 /* Debug */,
				88BAF103248A463F009D2320 /* Release */,
			);
			defaultConfigurationIsVisible = 0;
			defaultConfigurationName = Release;
		};
/* End XCConfigurationList section */
	};
	rootObject = 88BAF0E5248A463E009D2320 /* Project object */;
}
